
Microsoft Visual Studio Solution File, Format Version 12.00
# Visual Studio Version 16
VisualStudioVersion = 16.0.31424.327
MinimumVisualStudioVersion = 10.0.40219.1
Project("{FAE04EC0-301F-11D3-BF4B-00C04F79EFBC}") = "AgenciaBancaria.Dominio", "AgenciaBancaria.Dominio\AgenciaBancaria.Dominio.csproj", "{5D01D1AF-5246-4B9D-8A70-FAAF443EF2FF}"
EndProject
Project("{FAE04EC0-301F-11D3-BF4B-00C04F79EFBC}") = "AgenciaBancaria.App", "AgenciaBancaria.App\AgenciaBancaria.App.csproj", "{45DF0144-8457-4A9F-A8A6-863B741FEAE7}"
EndProject
Global
	GlobalSection(SolutionConfigurationPlatforms) = preSolution
		Debug|Any CPU = Debug|Any CPU
		Release|Any CPU = Release|Any CPU
	EndGlobalSection
	GlobalSection(ProjectConfigurationPlatforms) = postSolution
		{5D01D1AF-5246-4B9D-8A70-FAAF443EF2FF}.Debug|Any CPU.ActiveCfg = Debug|Any CPU
		{5D01D1AF-5246-4B9D-8A70-FAAF443EF2FF}.Debug|Any CPU.Build.0 = Debug|Any CPU
		{5D01D1AF-5246-4B9D-8A70-FAAF443EF2FF}.Release|Any CPU.ActiveCfg = Release|Any CPU
		{5D01D1AF-5246-4B9D-8A70-FAAF443EF2FF}.Release|Any CPU.Build.0 = Release|Any CPU
		{45DF0144-8457-4A9F-A8A6-863B741FEAE7}.Debug|Any CPU.ActiveCfg = Debug|Any CPU
		{45DF0144-8457-4A9F-A8A6-863B741FEAE7}.Debug|Any CPU.Build.0 = Debug|Any CPU
		{45DF0144-8457-4A9F-A8A6-863B741FEAE7}.Release|Any CPU.ActiveCfg = Release|Any CPU
		{45DF0144-8457-4A9F-A8A6-863B741FEAE7}.Release|Any CPU.Build.0 = Release|Any CPU
	EndGlobalSection
	GlobalSection(SolutionProperties) = preSolution
		HideSolutionNode = FALSE
	EndGlobalSection
	GlobalSection(ExtensibilityGlobals) = postSolution
		SolutionGuid = {3E1B9C5A-C87E-4840-AF59-1349BB4B5CF6}
	EndGlobalSection
EndGlobal
